
Microsoft Visual Studio Solution File, Format Version 12.00
# Visual Studio Version 16
VisualStudioVersion = 16.0.31424.327
MinimumVisualStudioVersion = 10.0.40219.1
Project("{FAE04EC0-301F-11D3-BF4B-00C04F79EFBC}") = "KentBeckTDDSampleCode", "KentBeckTDDSampleCode.csproj", "{F17FC2F4-CD24-459A-9C68-C6D6D0F6CE92}"
EndProject
Global
	GlobalSection(SolutionConfigurationPlatforms) = preSolution
		Debug|Any CPU = Debug|Any CPU
		Release|Any CPU = Release|Any CPU
	EndGlobalSection
	GlobalSection(ProjectConfigurationPlatforms) = postSolution
		{F17FC2F4-CD24-459A-9C68-C6D6D0F6CE92}.Debug|Any CPU.ActiveCfg = Debug|Any CPU
		{F17FC2F4-CD24-459A-9C68-C6D6D0F6CE92}.Debug|Any CPU.Build.0 = Debug|Any CPU
		{F17FC2F4-CD24-459A-9C68-C6D6D0F6CE92}.Release|Any CPU.ActiveCfg = Release|Any CPU
		{F17FC2F4-CD24-459A-9C68-C6D6D0F6CE92}.Release|Any CPU.Build.0 = Release|Any CPU
	EndGlobalSection
	GlobalSection(SolutionProperties) = preSolution
		HideSolutionNode = FALSE
	EndGlobalSection
	GlobalSection(ExtensibilityGlobals) = postSolution
		SolutionGuid = {7141573E-814E-4A35-9905-97EF1CDC5CA8}
	EndGlobalSection
EndGlobal
